<?xml version="1.0" encoding="utf-8"?>
<Project ToolsVersion="4.0" xmlns="http://schemas.microsoft.com/developer/msbuild/2003">
  <ItemGroup>
    <Filter Include="Source Files">
      <UniqueIdentifier>{4FC737F1-C7A5-4376-A066-2A32D752A2FF}</UniqueIdentifier>
      <Extensions>cpp;c;cc;cxx;def;odl;idl;hpj;bat;asm;asmx</Extensions>
    </Filter>
    <Filter Include="Header Files">
      <UniqueIdentifier>{93995380-89BD-4b04-88EB-625FBE52EBFB}</UniqueIdentifier>
      <Extensions>h;hh;hpp;hxx;hm;inl;inc;xsd</Extensions>
    </Filter>
    <Filter Include="Resource Files">
      <UniqueIdentifier>{67DA6AB6-F800-4c08-8B7A-83BB121AAD01}</UniqueIdentifier>
      <Extensions>rc;ico;cur;bmp;dlg;rc2;rct;bin;rgs;gif;jpg;jpeg;jpe;resx;tiff;tif;png;wav;mfcribbon-ms</Extensions>
    </Filter>
  </ItemGroup>
  <ItemGroup>
    <ClCompile Include="source\main.cpp">
      <Filter>Source Files</Filter>
    </ClCompile>
    <ClCompile Include="Makefile">
      <Filter>Source Files</Filter>
    </ClCompile>
    <ClCompile Include="source\interrupts.cpp">
      <Filter>Source Files</Filter>
    </ClCompile>
    <ClCompile Include="source\descriptor_tables\gdt.cpp">
      <Filter>Source Files</Filter>
    </ClCompile>
    <ClCompile Include="source\descriptor_tables\idt.cpp">
      <Filter>Source Files</Filter>
    </ClCompile>
    <ClCompile Include="source\devices\vga.cpp">
      <Filter>Source Files</Filter>
    </ClCompile>
    <ClCompile Include="source\extern_isrs.cpp">
      <Filter>Source Files</Filter>
    </ClCompile>
    <ClCompile Include="include\cpu.h">
      <Filter>Source Files</Filter>
    </ClCompile>
    <ClCompile Include="source\devices\timer.cpp">
      <Filter>Source Files</Filter>
    </ClCompile>
    <ClCompile Include="source\memory\memory.cpp">
      <Filter>Source Files</Filter>
    </ClCompile>
    <ClCompile Include="source\memory\heap.cpp">
      <Filter>Source Files</Filter>
    </ClCompile>
    <ClCompile Include="source\std\format.cpp">
      <Filter>Source Files</Filter>
    </ClCompile>
    <ClCompile Include="source\devices\keyboard.cpp">
      <Filter>Source Files</Filter>
    </ClCompile>
    <ClCompile Include="source\console.cpp">
      <Filter>Source Files</Filter>
    </ClCompile>
    <ClCompile Include="source\cpu.cpp">
      <Filter>Source Files</Filter>
    </ClCompile>
    <ClCompile Include="source\threading\scheduler.cpp">
      <Filter>Source Files</Filter>
    </ClCompile>
    <ClCompile Include="source\threading\mutex.cpp">
      <Filter>Source Files</Filter>
    </ClCompile>
  </ItemGroup>
  <ItemGroup>
    <None Include="source\boot.asm">
      <Filter>Source Files</Filter>
    </None>
    <None Include="build.bat">
      <Filter>Source Files</Filter>
    </None>
    <None Include="linker.ld" />
    <None Include="source\descriptor_tables\descriptors.asm">
      <Filter>Source Files</Filter>
    </None>
    <None Include="source\isrs.asm">
      <Filter>Source Files</Filter>
    </None>
    <None Include=".gdbinit" />
  </ItemGroup>
  <ItemGroup>
    <ClInclude Include="include\interrupts.h">
      <Filter>Header Files</Filter>
    </ClInclude>
    <ClInclude Include="include\descriptor_tables\idt.h">
      <Filter>Header Files</Filter>
    </ClInclude>
    <ClInclude Include="include\descriptor_tables\gdt.h">
      <Filter>Header Files</Filter>
    </ClInclude>
    <ClInclude Include="include\devices\vga.h">
      <Filter>Header Files</Filter>
    </ClInclude>
    <ClInclude Include="include\descriptor_tables\descriptor.h">
      <Filter>Header Files</Filter>
    </ClInclude>
    <ClInclude Include="include\global\global.h">
      <Filter>Header Files</Filter>
    </ClInclude>
    <ClInclude Include="include\extern_isrs.h">
      <Filter>Header Files</Filter>
    </ClInclude>
    <ClInclude Include="include\devices\timer.h">
      <Filter>Header Files</Filter>
    </ClInclude>
    <ClInclude Include="include\memory\memory.h">
      <Filter>Header Files</Filter>
    </ClInclude>
    <ClInclude Include="include\memory\heap.h">
      <Filter>Header Files</Filter>
    </ClInclude>
    <ClInclude Include="include\std\mem.h">
      <Filter>Header Files</Filter>
    </ClInclude>
    <ClInclude Include="include\std\int.h">
      <Filter>Header Files</Filter>
    </ClInclude>
    <ClInclude Include="include\std\io.h">
      <Filter>Header Files</Filter>
    </ClInclude>
    <ClInclude Include="include\std\format.h">
      <Filter>Header Files</Filter>
    </ClInclude>
    <ClInclude Include="include\std\compiler.h">
      <Filter>Header Files</Filter>
    </ClInclude>
    <ClInclude Include="include\devices\keyboard.h">
      <Filter>Header Files</Filter>
    </ClInclude>
    <ClInclude Include="include\console.h">
      <Filter>Header Files</Filter>
    </ClInclude>
    <ClInclude Include="include\std\array_list.h">
      <Filter>Header Files</Filter>
    </ClInclude>
    <ClInclude Include="source\cpu.asm">
      <Filter>Header Files</Filter>
    </ClInclude>
    <ClInclude Include="include\threading\scheduler.h">
      <Filter>Header Files</Filter>
    </ClInclude>
    <ClInclude Include="include\threading\mutex.h">
      <Filter>Header Files</Filter>
    </ClInclude>
  </ItemGroup>
</Project>